
Microsoft Visual Studio Solution File, Format Version 12.00
# Visual Studio Version 16
VisualStudioVersion = 16.0.30717.126
MinimumVisualStudioVersion = 10.0.40219.1
Project("{FAE04EC0-301F-11D3-BF4B-00C04F79EFBC}") = "Lab03", "Lab03\Lab03.csproj", "{0FFAD405-15DA-48B4-BDEC-DF1E02F25807}"
EndProject
Global
	GlobalSection(SolutionConfigurationPlatforms) = preSolution
		Debug|Any CPU = Debug|Any CPU
		Release|Any CPU = Release|Any CPU
	EndGlobalSection
	GlobalSection(ProjectConfigurationPlatforms) = postSolution
		{0FFAD405-15DA-48B4-BDEC-DF1E02F25807}.Debug|Any CPU.ActiveCfg = Debug|Any CPU
		{0FFAD405-15DA-48B4-BDEC-DF1E02F25807}.Debug|Any CPU.Build.0 = Debug|Any CPU
		{0FFAD405-15DA-48B4-BDEC-DF1E02F25807}.Release|Any CPU.ActiveCfg = Release|Any CPU
		{0FFAD405-15DA-48B4-BDEC-DF1E02F25807}.Release|Any CPU.Build.0 = Release|Any CPU
	EndGlobalSection
	GlobalSection(SolutionProperties) = preSolution
		HideSolutionNode = FALSE
	EndGlobalSection
	GlobalSection(ExtensibilityGlobals) = postSolution
		SolutionGuid = {FCACCF76-BD87-4876-A3F7-BF5452BC375C}
	EndGlobalSection
EndGlobal
